
Microsoft Visual Studio Solution File, Format Version 12.00
# Visual Studio Version 17
VisualStudioVersion = 17.11.35327.3
MinimumVisualStudioVersion = 10.0.40219.1
Project("{FAE04EC0-301F-11D3-BF4B-00C04F79EFBC}") = "Pruebas automatizadas", "Pruebas automatizadas\Pruebas automatizadas.csproj", "{36CE295A-4AF8-4E78-B8D8-AD34298ACFFA}"
EndProject
Global
	GlobalSection(SolutionConfigurationPlatforms) = preSolution
		Debug|Any CPU = Debug|Any CPU
		Release|Any CPU = Release|Any CPU
	EndGlobalSection
	GlobalSection(ProjectConfigurationPlatforms) = postSolution
		{36CE295A-4AF8-4E78-B8D8-AD34298ACFFA}.Debug|Any CPU.ActiveCfg = Debug|Any CPU
		{36CE295A-4AF8-4E78-B8D8-AD34298ACFFA}.Debug|Any CPU.Build.0 = Debug|Any CPU
		{36CE295A-4AF8-4E78-B8D8-AD34298ACFFA}.Release|Any CPU.ActiveCfg = Release|Any CPU
		{36CE295A-4AF8-4E78-B8D8-AD34298ACFFA}.Release|Any CPU.Build.0 = Release|Any CPU
	EndGlobalSection
	GlobalSection(SolutionProperties) = preSolution
		HideSolutionNode = FALSE
	EndGlobalSection
	GlobalSection(ExtensibilityGlobals) = postSolution
		SolutionGuid = {1FC7837D-CAEE-4BF5-AADD-7700E2BC49B8}
	EndGlobalSection
EndGlobal
